
Microsoft Visual Studio Solution File, Format Version 12.00
# Visual Studio 15
VisualStudioVersion = 15.0.28307.168
MinimumVisualStudioVersion = 10.0.40219.1
Project("{FAE04EC0-301F-11D3-BF4B-00C04F79EFBC}") = "4.7.1.NETWpfUserControlsLibrary", "4.7.1.NETWpfUserControlsLibrary\4.7.1.NETWpfUserControlsLibrary.csproj", "{C3080225-18A9-49DD-85E3-989C02DCFA79}"
EndProject
Global
	GlobalSection(SolutionConfigurationPlatforms) = preSolution
		Debug|Any CPU = Debug|Any CPU
		Release|Any CPU = Release|Any CPU
	EndGlobalSection
	GlobalSection(ProjectConfigurationPlatforms) = postSolution
		{C3080225-18A9-49DD-85E3-989C02DCFA79}.Debug|Any CPU.ActiveCfg = Debug|Any CPU
		{C3080225-18A9-49DD-85E3-989C02DCFA79}.Debug|Any CPU.Build.0 = Debug|Any CPU
		{C3080225-18A9-49DD-85E3-989C02DCFA79}.Release|Any CPU.ActiveCfg = Release|Any CPU
		{C3080225-18A9-49DD-85E3-989C02DCFA79}.Release|Any CPU.Build.0 = Release|Any CPU
	EndGlobalSection
	GlobalSection(SolutionProperties) = preSolution
		HideSolutionNode = FALSE
	EndGlobalSection
	GlobalSection(ExtensibilityGlobals) = postSolution
		SolutionGuid = {0BAA6B90-D9F5-4F60-BB24-BE41806CCB0B}
	EndGlobalSection
EndGlobal
